<?xml version="1.0" encoding="utf-8"?>
<Project ToolsVersion="4.0" xmlns="http://schemas.microsoft.com/developer/msbuild/2003">
  <ItemGroup>
    <Filter Include="源文件">
      <UniqueIdentifier>{4FC737F1-C7A5-4376-A066-2A32D752A2FF}</UniqueIdentifier>
      <Extensions>cpp;c;cc;cxx;c++;cppm;ixx;def;odl;idl;hpj;bat;asm;asmx</Extensions>
    </Filter>
    <Filter Include="头文件">
      <UniqueIdentifier>{93995380-89BD-4b04-88EB-625FBE52EBFB}</UniqueIdentifier>
      <Extensions>h;hh;hpp;hxx;h++;hm;inl;inc;ipp;xsd</Extensions>
    </Filter>
    <Filter Include="资源文件">
      <UniqueIdentifier>{67DA6AB6-F800-4c08-8B7A-83BB121AAD01}</UniqueIdentifier>
      <Extensions>rc;ico;cur;bmp;dlg;rc2;rct;bin;rgs;gif;jpg;jpeg;jpe;resx;tiff;tif;png;wav;mfcribbon-ms</Extensions>
    </Filter>
    <Filter Include="头文件\BasicDataClass">
      <UniqueIdentifier>{16008c84-9b7c-422a-a1ef-502dc07ba97b}</UniqueIdentifier>
    </Filter>
    <Filter Include="头文件\VectorClass">
      <UniqueIdentifier>{56be5e6e-fce2-43f4-ba29-fdad2ad66663}</UniqueIdentifier>
    </Filter>
  </ItemGroup>
  <ItemGroup>
    <ClInclude Include="FileOp.h">
      <Filter>头文件</Filter>
    </ClInclude>
    <ClInclude Include="BasicDataClass\Airport.h">
      <Filter>头文件\BasicDataClass</Filter>
    </ClInclude>
    <ClInclude Include="BasicDataClass\Flight.h">
      <Filter>头文件\BasicDataClass</Filter>
    </ClInclude>
    <ClInclude Include="BasicDataClass\Plane.h">
      <Filter>头文件\BasicDataClass</Filter>
    </ClInclude>
    <ClInclude Include="BasicDataClass\Route.h">
      <Filter>头文件\BasicDataClass</Filter>
    </ClInclude>
    <ClInclude Include="BasicDataClass\Ticket.h">
      <Filter>头文件\BasicDataClass</Filter>
    </ClInclude>
    <ClInclude Include="BasicDataClass\User.h">
      <Filter>头文件\BasicDataClass</Filter>
    </ClInclude>
    <ClInclude Include="VectorClass\Flights.h">
      <Filter>头文件\VectorClass</Filter>
    </ClInclude>
    <ClInclude Include="VectorClass\Airports.h">
      <Filter>头文件\VectorClass</Filter>
    </ClInclude>
    <ClInclude Include="VectorClass\Planes.h">
      <Filter>头文件\VectorClass</Filter>
    </ClInclude>
    <ClInclude Include="VectorClass\Routes.h">
      <Filter>头文件\VectorClass</Filter>
    </ClInclude>
    <ClInclude Include="VectorClass\Tickets.h">
      <Filter>头文件\VectorClass</Filter>
    </ClInclude>
    <ClInclude Include="VectorClass\Users.h">
      <Filter>头文件\VectorClass</Filter>
    </ClInclude>
    <ClInclude Include="Business.h">
      <Filter>头文件</Filter>
    </ClInclude>
    <ClInclude Include="DataOp.h">
      <Filter>头文件</Filter>
    </ClInclude>
    <ClInclude Include="BasicDataClass\Seats.h">
      <Filter>头文件\BasicDataClass</Filter>
    </ClInclude>
    <ClInclude Include="Submain.h">
      <Filter>头文件</Filter>
    </ClInclude>
  </ItemGroup>
  <ItemGroup>
    <ClCompile Include="main.cpp">
      <Filter>源文件</Filter>
    </ClCompile>
  </ItemGroup>
</Project>